
Microsoft Visual Studio Solution File, Format Version 12.00
# Visual Studio Version 17
VisualStudioVersion = 17.3.32825.248
MinimumVisualStudioVersion = 10.0.40219.1
Project("{FAE04EC0-301F-11D3-BF4B-00C04F79EFBC}") = "Ejercicio1_Iparcial", "Ejercicio1_Iparcial\Ejercicio1_Iparcial.csproj", "{B44EDA45-F7F5-435F-8294-87A09EA94C7F}"
EndProject
Global
	GlobalSection(SolutionConfigurationPlatforms) = preSolution
		Debug|Any CPU = Debug|Any CPU
		Release|Any CPU = Release|Any CPU
	EndGlobalSection
	GlobalSection(ProjectConfigurationPlatforms) = postSolution
		{B44EDA45-F7F5-435F-8294-87A09EA94C7F}.Debug|Any CPU.ActiveCfg = Debug|Any CPU
		{B44EDA45-F7F5-435F-8294-87A09EA94C7F}.Debug|Any CPU.Build.0 = Debug|Any CPU
		{B44EDA45-F7F5-435F-8294-87A09EA94C7F}.Release|Any CPU.ActiveCfg = Release|Any CPU
		{B44EDA45-F7F5-435F-8294-87A09EA94C7F}.Release|Any CPU.Build.0 = Release|Any CPU
	EndGlobalSection
	GlobalSection(SolutionProperties) = preSolution
		HideSolutionNode = FALSE
	EndGlobalSection
	GlobalSection(ExtensibilityGlobals) = postSolution
		SolutionGuid = {0B5C9BD0-1442-4359-B706-992114C6A2F2}
	EndGlobalSection
EndGlobal
